
Microsoft Visual Studio Solution File, Format Version 12.00
# Visual Studio Version 17
VisualStudioVersion = 17.4.33403.182
MinimumVisualStudioVersion = 10.0.40219.1
Project("{FAE04EC0-301F-11D3-BF4B-00C04F79EFBC}") = "BulkyBookWeb", "BulkyBookWeb\BulkyBookWeb.csproj", "{BE26411D-56E1-4310-8906-D9F504F49769}"
EndProject
Global
	GlobalSection(SolutionConfigurationPlatforms) = preSolution
		Debug|Any CPU = Debug|Any CPU
		Release|Any CPU = Release|Any CPU
	EndGlobalSection
	GlobalSection(ProjectConfigurationPlatforms) = postSolution
		{BE26411D-56E1-4310-8906-D9F504F49769}.Debug|Any CPU.ActiveCfg = Debug|Any CPU
		{BE26411D-56E1-4310-8906-D9F504F49769}.Debug|Any CPU.Build.0 = Debug|Any CPU
		{BE26411D-56E1-4310-8906-D9F504F49769}.Release|Any CPU.ActiveCfg = Release|Any CPU
		{BE26411D-56E1-4310-8906-D9F504F49769}.Release|Any CPU.Build.0 = Release|Any CPU
	EndGlobalSection
	GlobalSection(SolutionProperties) = preSolution
		HideSolutionNode = FALSE
	EndGlobalSection
	GlobalSection(ExtensibilityGlobals) = postSolution
		SolutionGuid = {22542802-24E9-4632-B555-7D69773F087D}
	EndGlobalSection
EndGlobal
